// !$*UTF8*$!
{
	archiveVersion = 1;
	classes = {
	};
	objectVersion = 46;
	objects = {

/* Begin PBXBuildFile section */
		CB2745281D8650A70010DDD3 /* main.m in Sources */ = {isa = PBXBuildFile; fileRef = CB2745271D8650A70010DDD3 /* main.m */; };
		CB27452B1D8650A70010DDD3 /* AppDelegate.m in Sources */ = {isa = PBXBuildFile; fileRef = CB27452A1D8650A70010DDD3 /* AppDelegate.m */; };
		CB2745311D8650A70010DDD3 /* Main.storyboard in Resources */ = {isa = PBXBuildFile; fileRef = CB27452F1D8650A70010DDD3 /* Main.storyboard */; };
		CB2745331D8650A70010DDD3 /* Assets.xcassets in Resources */ = {isa = PBXBuildFile; fileRef = CB2745321D8650A70010DDD3 /* Assets.xcassets */; };
		CB2745361D8650A70010DDD3 /* LaunchScreen.storyboard in Resources */ = {isa = PBXBuildFile; fileRef = CB2745341D8650A70010DDD3 /* LaunchScreen.storyboard */; };
		CB2745431D8651EA0010DDD3 /* JXTabbar.m in Sources */ = {isa = PBXBuildFile; fileRef = CB2745401D8651EA0010DDD3 /* JXTabbar.m */; };
		CB2745441D8651EA0010DDD3 /* MyTabbar.plist in Resources */ = {isa = PBXBuildFile; fileRef = CB2745411D8651EA0010DDD3 /* MyTabbar.plist */; };
		CB2745481D86556D0010DDD3 /* FirstViewController.m in Sources */ = {isa = PBXBuildFile; fileRef = CB2745471D86556D0010DDD3 /* FirstViewController.m */; };
		CB27454B1D86558A0010DDD3 /* SecondViewController.m in Sources */ = {isa = PBXBuildFile; fileRef = CB27454A1D86558A0010DDD3 /* SecondViewController.m */; };
		CB27454E1D8655A90010DDD3 /* ThirdViewController.m in Sources */ = {isa = PBXBuildFile; fileRef = CB27454D1D8655A90010DDD3 /* ThirdViewController.m */; };
		CB2745571D86567E0010DDD3 /* JXTaBbarViewController.m in Sources */ = {isa = PBXBuildFile; fileRef = CB2745561D86567E0010DDD3 /* JXTaBbarViewController.m */; };
		CBC9E1321D8657F7006F68EF /* FourthViewController.m in Sources */ = {isa = PBXBuildFile; fileRef = CBC9E1311D8657F7006F68EF /* FourthViewController.m */; };
/* End PBXBuildFile section */

/* Begin PBXFileReference section */
		CB2745231D8650A70010DDD3 /* CustomTabbarDemo.app */ = {isa = PBXFileReference; explicitFileType = wrapper.application; includeInIndex = 0; path = CustomTabbarDemo.app; sourceTree = BUILT_PRODUCTS_DIR; };
		CB2745271D8650A70010DDD3 /* main.m */ = {isa = PBXFileReference; lastKnownFileType = sourcecode.c.objc; path = main.m; sourceTree = "<group>"; };
		CB2745291D8650A70010DDD3 /* AppDelegate.h */ = {isa = PBXFileReference; lastKnownFileType = sourcecode.c.h; path = AppDelegate.h; sourceTree = "<group>"; };
		CB27452A1D8650A70010DDD3 /* AppDelegate.m */ = {isa = PBXFileReference; lastKnownFileType = sourcecode.c.objc; path = AppDelegate.m; sourceTree = "<group>"; };
		CB2745301D8650A70010DDD3 /* Base */ = {isa = PBXFileReference; lastKnownFileType = file.storyboard; name = Base; path = Base.lproj/Main.storyboard; sourceTree = "<group>"; };
		CB2745321D8650A70010DDD3 /* Assets.xcassets */ = {isa = PBXFileReference; lastKnownFileType = folder.assetcatalog; path = Assets.xcassets; sourceTree = "<group>"; };
		CB2745351D8650A70010DDD3 /* Base */ = {isa = PBXFileReference; lastKnownFileType = file.storyboard; name = Base; path = Base.lproj/LaunchScreen.storyboard; sourceTree = "<group>"; };
		CB2745371D8650A70010DDD3 /* Info.plist */ = {isa = PBXFileReference; lastKnownFileType = text.plist.xml; path = Info.plist; sourceTree = "<group>"; };
		CB27453F1D8651EA0010DDD3 /* JXTabbar.h */ = {isa = PBXFileReference; fileEncoding = 4; lastKnownFileType = sourcecode.c.h; name = JXTabbar.h; path = ../JXTabbar.h; sourceTree = "<group>"; };
		CB2745401D8651EA0010DDD3 /* JXTabbar.m */ = {isa = PBXFileReference; fileEncoding = 4; lastKnownFileType = sourcecode.c.objc; name = JXTabbar.m; path = ../JXTabbar.m; sourceTree = "<group>"; };
		CB2745411D8651EA0010DDD3 /* MyTabbar.plist */ = {isa = PBXFileReference; fileEncoding = 4; lastKnownFileType = text.plist.xml; name = MyTabbar.plist; path = ../MyTabbar.plist; sourceTree = "<group>"; };
		CB2745461D86556D0010DDD3 /* FirstViewController.h */ = {isa = PBXFileReference; fileEncoding = 4; lastKnownFileType = sourcecode.c.h; path = FirstViewController.h; sourceTree = "<group>"; };
		CB2745471D86556D0010DDD3 /* FirstViewController.m */ = {isa = PBXFileReference; fileEncoding = 4; lastKnownFileType = sourcecode.c.objc; path = FirstViewController.m; sourceTree = "<group>"; };
		CB2745491D86558A0010DDD3 /* SecondViewController.h */ = {isa = PBXFileReference; fileEncoding = 4; lastKnownFileType = sourcecode.c.h; path = SecondViewController.h; sourceTree = "<group>"; };
		CB27454A1D86558A0010DDD3 /* SecondViewController.m */ = {isa = PBXFileReference; fileEncoding = 4; lastKnownFileType = sourcecode.c.objc; path = SecondViewController.m; sourceTree = "<group>"; };
		CB27454C1D8655A90010DDD3 /* ThirdViewController.h */ = {isa = PBXFileReference; fileEncoding = 4; lastKnownFileType = sourcecode.c.h; path = ThirdViewController.h; sourceTree = "<group>"; };
		CB27454D1D8655A90010DDD3 /* ThirdViewController.m */ = {isa = PBXFileReference; fileEncoding = 4; lastKnownFileType = sourcecode.c.objc; path = ThirdViewController.m; sourceTree = "<group>"; };
		CB2745551D86567E0010DDD3 /* JXTaBbarViewController.h */ = {isa = PBXFileReference; fileEncoding = 4; lastKnownFileType = sourcecode.c.h; path = JXTaBbarViewController.h; sourceTree = "<group>"; };
		CB2745561D86567E0010DDD3 /* JXTaBbarViewController.m */ = {isa = PBXFileReference; fileEncoding = 4; lastKnownFileType = sourcecode.c.objc; path = JXTaBbarViewController.m; sourceTree = "<group>"; };
		CBC9E1301D8657F7006F68EF /* FourthViewController.h */ = {isa = PBXFileReference; fileEncoding = 4; lastKnownFileType = sourcecode.c.h; path = FourthViewController.h; sourceTree = "<group>"; };
		CBC9E1311D8657F7006F68EF /* FourthViewController.m */ = {isa = PBXFileReference; fileEncoding = 4; lastKnownFileType = sourcecode.c.objc; path = FourthViewController.m; sourceTree = "<group>"; };
/* End PBXFileReference section */

/* Begin PBXFrameworksBuildPhase section */
		CB2745201D8650A70010DDD3 /* Frameworks */ = {
			isa = PBXFrameworksBuildPhase;
			buildActionMask = 2147483647;
			files = (
			);
			runOnlyForDeploymentPostprocessing = 0;
		};
/* End PBXFrameworksBuildPhase section */

/* Begin PBXGroup section */
		CB27451A1D8650A70010DDD3 = {
			isa = PBXGroup;
			children = (
				CB2745251D8650A70010DDD3 /* CustomTabbarDemo */,
				CB2745241D8650A70010DDD3 /* Products */,
			);
			sourceTree = "<group>";
		};
		CB2745241D8650A70010DDD3 /* Products */ = {
			isa = PBXGroup;
			children = (
				CB2745231D8650A70010DDD3 /* CustomTabbarDemo.app */,
			);
			name = Products;
			sourceTree = "<group>";
		};
		CB2745251D8650A70010DDD3 /* CustomTabbarDemo */ = {
			isa = PBXGroup;
			children = (
				CB2745291D8650A70010DDD3 /* AppDelegate.h */,
				CB27452A1D8650A70010DDD3 /* AppDelegate.m */,
				CB2745461D86556D0010DDD3 /* FirstViewController.h */,
				CB2745471D86556D0010DDD3 /* FirstViewController.m */,
				CB2745491D86558A0010DDD3 /* SecondViewController.h */,
				CB27454A1D86558A0010DDD3 /* SecondViewController.m */,
				CB27454C1D8655A90010DDD3 /* ThirdViewController.h */,
				CB27454D1D8655A90010DDD3 /* ThirdViewController.m */,
				CBC9E1301D8657F7006F68EF /* FourthViewController.h */,
				CBC9E1311D8657F7006F68EF /* FourthViewController.m */,
				CB2745451D86553E0010DDD3 /* CustomTabbar */,
				CB27452F1D8650A70010DDD3 /* Main.storyboard */,
				CB2745321D8650A70010DDD3 /* Assets.xcassets */,
				CB2745341D8650A70010DDD3 /* LaunchScreen.storyboard */,
				CB2745371D8650A70010DDD3 /* Info.plist */,
				CB2745261D8650A70010DDD3 /* Supporting Files */,
			);
			path = CustomTabbarDemo;
			sourceTree = "<group>";
		};
		CB2745261D8650A70010DDD3 /* Supporting Files */ = {
			isa = PBXGroup;
			children = (
				CB2745271D8650A70010DDD3 /* main.m */,
			);
			name = "Supporting Files";
			sourceTree = "<group>";
		};
		CB2745451D86553E0010DDD3 /* CustomTabbar */ = {
			isa = PBXGroup;
			children = (
				CB2745551D86567E0010DDD3 /* JXTaBbarViewController.h */,
				CB2745561D86567E0010DDD3 /* JXTaBbarViewController.m */,
				CB27453F1D8651EA0010DDD3 /* JXTabbar.h */,
				CB2745401D8651EA0010DDD3 /* JXTabbar.m */,
				CB2745411D8651EA0010DDD3 /* MyTabbar.plist */,
			);
			path = CustomTabbar;
			sourceTree = "<group>";
		};
/* End PBXGroup section */

/* Begin PBXNativeTarget section */
		CB2745221D8650A70010DDD3 /* CustomTabbarDemo */ = {
			isa = PBXNativeTarget;
			buildConfigurationList = CB27453A1D8650A70010DDD3 /* Build configuration list for PBXNativeTarget "CustomTabbarDemo" */;
			buildPhases = (
				CB27451F1D8650A70010DDD3 /* Sources */,
				CB2745201D8650A70010DDD3 /* Frameworks */,
				CB2745211D8650A70010DDD3 /* Resources */,
			);
			buildRules = (
			);
			dependencies = (
			);
			name = CustomTabbarDemo;
			productName = CustomTabbarDemo;
			productReference = CB2745231D8650A70010DDD3 /* CustomTabbarDemo.app */;
			productType = "com.apple.product-type.application";
		};
/* End PBXNativeTarget section */

/* Begin PBXProject section */
		CB27451B1D8650A70010DDD3 /* Project object */ = {
			isa = PBXProject;
			attributes = {
				LastUpgradeCheck = 0730;
				ORGANIZATIONNAME = jixiang;
				TargetAttributes = {
					CB2745221D8650A70010DDD3 = {
						CreatedOnToolsVersion = 7.3.1;
					};
				};
			};
			buildConfigurationList = CB27451E1D8650A70010DDD3 /* Build configuration list for PBXProject "CustomTabbarDemo" */;
			compatibilityVersion = "Xcode 3.2";
			developmentRegion = English;
			hasScannedForEncodings = 0;
			knownRegions = (
				en,
				Base,
			);
			mainGroup = CB27451A1D8650A70010DDD3;
			productRefGroup = CB2745241D8650A70010DDD3 /* Products */;
			projectDirPath = "";
			projectRoot = "";
			targets = (
				CB2745221D8650A70010DDD3 /* CustomTabbarDemo */,
			);
		};
/* End PBXProject section */

/* Begin PBXResourcesBuildPhase section */
		CB2745211D8650A70010DDD3 /* Resources */ = {
			isa = PBXResourcesBuildPhase;
			buildActionMask = 2147483647;
			files = (
				CB2745361D8650A70010DDD3 /* LaunchScreen.storyboard in Resources */,
				CB2745331D8650A70010DDD3 /* Assets.xcassets in Resources */,
				CB2745441D8651EA0010DDD3 /* MyTabbar.plist in Resources */,
				CB2745311D8650A70010DDD3 /* Main.storyboard in Resources */,
			);
			runOnlyForDeploymentPostprocessing = 0;
		};
/* End PBXResourcesBuildPhase section */

/* Begin PBXSourcesBuildPhase section */
		CB27451F1D8650A70010DDD3 /* Sources */ = {
			isa = PBXSourcesBuildPhase;
			buildActionMask = 2147483647;
			files = (
				CBC9E1321D8657F7006F68EF /* FourthViewController.m in Sources */,
				CB27454B1D86558A0010DDD3 /* SecondViewController.m in Sources */,
				CB27452B1D8650A70010DDD3 /* AppDelegate.m in Sources */,
				CB2745481D86556D0010DDD3 /* FirstViewController.m in Sources */,
				CB2745281D8650A70010DDD3 /* main.m in Sources */,
				CB2745571D86567E0010DDD3 /* JXTaBbarViewController.m in Sources */,
				CB2745431D8651EA0010DDD3 /* JXTabbar.m in Sources */,
				CB27454E1D8655A90010DDD3 /* ThirdViewController.m in Sources */,
			);
			runOnlyForDeploymentPostprocessing = 0;
		};
/* End PBXSourcesBuildPhase section */

/* Begin PBXVariantGroup section */
		CB27452F1D8650A70010DDD3 /* Main.storyboard */ = {
			isa = PBXVariantGroup;
			children = (
				CB2745301D8650A70010DDD3 /* Base */,
			);
			name = Main.storyboard;
			sourceTree = "<group>";
		};
		CB2745341D8650A70010DDD3 /* LaunchScreen.storyboard */ = {
			isa = PBXVariantGroup;
			children = (
				CB2745351D8650A70010DDD3 /* Base */,
			);
			name = LaunchScreen.storyboard;
			sourceTree = "<group>";
		};
/* End PBXVariantGroup section */

/* Begin XCBuildConfiguration section */
		CB2745381D8650A70010DDD3 /* Debug */ = {
			isa = XCBuildConfiguration;
			buildSettings = {
				ALWAYS_SEARCH_USER_PATHS = NO;
				CLANG_ANALYZER_NONNULL = YES;
				CLANG_CXX_LANGUAGE_STANDARD = "gnu++0x";
				CLANG_CXX_LIBRARY = "libc++";
				CLANG_ENABLE_MODULES = YES;
				CLANG_ENABLE_OBJC_ARC = YES;
				CLANG_WARN_BOOL_CONVERSION = YES;
				CLANG_WARN_CONSTANT_CONVERSION = YES;
				CLANG_WARN_DIRECT_OBJC_ISA_USAGE = YES_ERROR;
				CLANG_WARN_EMPTY_BODY = YES;
				CLANG_WARN_ENUM_CONVERSION = YES;
				CLANG_WARN_INT_CONVERSION = YES;
				CLANG_WARN_OBJC_ROOT_CLASS = YES_ERROR;
				CLANG_WARN_UNREACHABLE_CODE = YES;
				CLANG_WARN__DUPLICATE_METHOD_MATCH = YES;
				"CODE_SIGN_IDENTITY[sdk=iphoneos*]" = "iPhone Developer";
				COPY_PHASE_STRIP = NO;
				DEBUG_INFORMATION_FORMAT = dwarf;
				ENABLE_STRICT_OBJC_MSGSEND = YES;
				ENABLE_TESTABILITY = YES;
				GCC_C_LANGUAGE_STANDARD = gnu99;
				GCC_DYNAMIC_NO_PIC = NO;
				GCC_NO_COMMON_BLOCKS = YES;
				GCC_OPTIMIZATION_LEVEL = 0;
				GCC_PREPROCESSOR_DEFINITIONS = (
					"DEBUG=1",
					"$(inherited)",
				);
				GCC_WARN_64_TO_32_BIT_CONVERSION = YES;
				GCC_WARN_ABOUT_RETURN_TYPE = YES_ERROR;
				GCC_WARN_UNDECLARED_SELECTOR = YES;
				GCC_WARN_UNINITIALIZED_AUTOS = YES_AGGRESSIVE;
				GCC_WARN_UNUSED_FUNCTION = YES;
				GCC_WARN_UNUSED_VARIABLE = YES;
				IPHONEOS_DEPLOYMENT_TARGET = 9.3;
				MTL_ENABLE_DEBUG_INFO = YES;
				ONLY_ACTIVE_ARCH = YES;
				SDKROOT = iphoneos;
				TARGETED_DEVICE_FAMILY = "1,2";
			};
			name = Debug;
		};
		CB2745391D8650A70010DDD3 /* Release */ = {
			isa = XCBuildConfiguration;
			buildSettings = {
				ALWAYS_SEARCH_USER_PATHS = NO;
				CLANG_ANALYZER_NONNULL = YES;
				CLANG_CXX_LANGUAGE_STANDARD = "gnu++0x";
				CLANG_CXX_LIBRARY = "libc++";
				CLANG_ENABLE_MODULES = YES;
				CLANG_ENABLE_OBJC_ARC = YES;
				CLANG_WARN_BOOL_CONVERSION = YES;
				CLANG_WARN_CONSTANT_CONVERSION = YES;
				CLANG_WARN_DIRECT_OBJC_ISA_USAGE = YES_ERROR;
				CLANG_WARN_EMPTY_BODY = YES;
				CLANG_WARN_ENUM_CONVERSION = YES;
				CLANG_WARN_INT_CONVERSION = YES;
				CLANG_WARN_OBJC_ROOT_CLASS = YES_ERROR;
				CLANG_WARN_UNREACHABLE_CODE = YES;
				CLANG_WARN__DUPLICATE_METHOD_MATCH = YES;
				"CODE_SIGN_IDENTITY[sdk=iphoneos*]" = "iPhone Developer";
				COPY_PHASE_STRIP = NO;
				DEBUG_INFORMATION_FORMAT = "dwarf-with-dsym";
				ENABLE_NS_ASSERTIONS = NO;
				ENABLE_STRICT_OBJC_MSGSEND = YES;
				GCC_C_LANGUAGE_STANDARD = gnu99;
				GCC_NO_COMMON_BLOCKS = YES;
				GCC_WARN_64_TO_32_BIT_CONVERSION = YES;
				GCC_WARN_ABOUT_RETURN_TYPE = YES_ERROR;
				GCC_WARN_UNDECLARED_SELECTOR = YES;
				GCC_WARN_UNINITIALIZED_AUTOS = YES_AGGRESSIVE;
				GCC_WARN_UNUSED_FUNCTION = YES;
				GCC_WARN_UNUSED_VARIABLE = YES;
				IPHONEOS_DEPLOYMENT_TARGET = 9.3;
				MTL_ENABLE_DEBUG_INFO = NO;
				SDKROOT = iphoneos;
				TARGETED_DEVICE_FAMILY = "1,2";
				VALIDATE_PRODUCT = YES;
			};
			name = Release;
		};
		CB27453B1D8650A70010DDD3 /* Debug */ = {
			isa = XCBuildConfiguration;
			buildSettings = {
				ASSETCATALOG_COMPILER_APPICON_NAME = AppIcon;
				INFOPLIST_FILE = CustomTabbarDemo/Info.plist;
				LD_RUNPATH_SEARCH_PATHS = "$(inherited) @executable_path/Frameworks";
				PRODUCT_BUNDLE_IDENTIFIER = com.jixinagruyi.CustomTabbarDemo;
				PRODUCT_NAME = "$(TARGET_NAME)";
			};
			name = Debug;
		};
		CB27453C1D8650A70010DDD3 /* Release */ = {
			isa = XCBuildConfiguration;
			buildSettings = {
				ASSETCATALOG_COMPILER_APPICON_NAME = AppIcon;
				INFOPLIST_FILE = CustomTabbarDemo/Info.plist;
				LD_RUNPATH_SEARCH_PATHS = "$(inherited) @executable_path/Frameworks";
				PRODUCT_BUNDLE_IDENTIFIER = com.jixinagruyi.CustomTabbarDemo;
				PRODUCT_NAME = "$(TARGET_NAME)";
			};
			name = Release;
		};
/* End XCBuildConfiguration section */

/* Begin XCConfigurationList section */
		CB27451E1D8650A70010DDD3 /* Build configuration list for PBXProject "CustomTabbarDemo" */ = {
			isa = XCConfigurationList;
			buildConfigurations = (
				CB2745381D8650A70010DDD3 /* Debug */,
				CB2745391D8650A70010DDD3 /* Release */,
			);
			defaultConfigurationIsVisible = 0;
			defaultConfigurationName = Release;
		};
		CB27453A1D8650A70010DDD3 /* Build configuration list for PBXNativeTarget "CustomTabbarDemo" */ = {
			isa = XCConfigurationList;
			buildConfigurations = (
				CB27453B1D8650A70010DDD3 /* Debug */,
				CB27453C1D8650A70010DDD3 /* Release */,
			);
			defaultConfigurationIsVisible = 0;
			defaultConfigurationName = Release;
		};
/* End XCConfigurationList section */
	};
	rootObject = CB27451B1D8650A70010DDD3 /* Project object */;
}
